
Microsoft Visual Studio Solution File, Format Version 12.00
# Visual Studio Version 17
VisualStudioVersion = 17.3.32825.248
MinimumVisualStudioVersion = 10.0.40219.1
Project("{FAE04EC0-301F-11D3-BF4B-00C04F79EFBC}") = "api", "api\api.csproj", "{3AD7BA89-C763-457F-8B31-0A8CA911A01A}"
EndProject
Project("{FAE04EC0-301F-11D3-BF4B-00C04F79EFBC}") = "apiData", "apiData\apiData.csproj", "{6CAA08FB-21CA-4401-ACCB-591DF32DBE0A}"
EndProject
Global
	GlobalSection(SolutionConfigurationPlatforms) = preSolution
		Debug|Any CPU = Debug|Any CPU
		Release|Any CPU = Release|Any CPU
	EndGlobalSection
	GlobalSection(ProjectConfigurationPlatforms) = postSolution
		{3AD7BA89-C763-457F-8B31-0A8CA911A01A}.Debug|Any CPU.ActiveCfg = Debug|Any CPU
		{3AD7BA89-C763-457F-8B31-0A8CA911A01A}.Debug|Any CPU.Build.0 = Debug|Any CPU
		{3AD7BA89-C763-457F-8B31-0A8CA911A01A}.Release|Any CPU.ActiveCfg = Release|Any CPU
		{3AD7BA89-C763-457F-8B31-0A8CA911A01A}.Release|Any CPU.Build.0 = Release|Any CPU
		{6CAA08FB-21CA-4401-ACCB-591DF32DBE0A}.Debug|Any CPU.ActiveCfg = Debug|Any CPU
		{6CAA08FB-21CA-4401-ACCB-591DF32DBE0A}.Debug|Any CPU.Build.0 = Debug|Any CPU
		{6CAA08FB-21CA-4401-ACCB-591DF32DBE0A}.Release|Any CPU.ActiveCfg = Release|Any CPU
		{6CAA08FB-21CA-4401-ACCB-591DF32DBE0A}.Release|Any CPU.Build.0 = Release|Any CPU
	EndGlobalSection
	GlobalSection(SolutionProperties) = preSolution
		HideSolutionNode = FALSE
	EndGlobalSection
	GlobalSection(ExtensibilityGlobals) = postSolution
		SolutionGuid = {82BEA4A8-1ADE-4D3E-8A9C-233260153F5F}
	EndGlobalSection
EndGlobal
